// !$*UTF8*$!
{
	archiveVersion = 1;
	classes = {
	};
	objectVersion = 46;
	objects = {

/* Begin PBXBuildFile section */
		22CA7FAB1806EC230053E935 /* Foundation.framework in Frameworks */ = {isa = PBXBuildFile; fileRef = 22CA7FAA1806EC230053E935 /* Foundation.framework */; };
		22CA7FAD1806EC230053E935 /* CoreGraphics.framework in Frameworks */ = {isa = PBXBuildFile; fileRef = 22CA7FAC1806EC230053E935 /* CoreGraphics.framework */; };
		22CA7FAF1806EC230053E935 /* UIKit.framework in Frameworks */ = {isa = PBXBuildFile; fileRef = 22CA7FAE1806EC230053E935 /* UIKit.framework */; };
		22CA7FB51806EC230053E935 /* InfoPlist.strings in Resources */ = {isa = PBXBuildFile; fileRef = 22CA7FB31806EC230053E935 /* InfoPlist.strings */; };
		22CA7FB71806EC230053E935 /* main.m in Sources */ = {isa = PBXBuildFile; fileRef = 22CA7FB61806EC230053E935 /* main.m */; };
		22CA7FBB1806EC230053E935 /* AppDelegate.m in Sources */ = {isa = PBXBuildFile; fileRef = 22CA7FBA1806EC230053E935 /* AppDelegate.m */; };
		22CA7FBD1806EC230053E935 /* Images.xcassets in Resources */ = {isa = PBXBuildFile; fileRef = 22CA7FBC1806EC230053E935 /* Images.xcassets */; };
		22CA7FC41806EC240053E935 /* XCTest.framework in Frameworks */ = {isa = PBXBuildFile; fileRef = 22CA7FC31806EC240053E935 /* XCTest.framework */; };
		22CA7FC51806EC240053E935 /* Foundation.framework in Frameworks */ = {isa = PBXBuildFile; fileRef = 22CA7FAA1806EC230053E935 /* Foundation.framework */; };
		22CA7FC61806EC240053E935 /* UIKit.framework in Frameworks */ = {isa = PBXBuildFile; fileRef = 22CA7FAE1806EC230053E935 /* UIKit.framework */; };
		22CA7FDC1806EC570053E935 /* MainViewController.m in Sources */ = {isa = PBXBuildFile; fileRef = 22CA7FDA1806EC570053E935 /* MainViewController.m */; };
		22CA7FDD1806EC570053E935 /* MainViewController.xib in Resources */ = {isa = PBXBuildFile; fileRef = 22CA7FDB1806EC570053E935 /* MainViewController.xib */; };
/* End PBXBuildFile section */

/* Begin PBXContainerItemProxy section */
		22CA7FC71806EC240053E935 /* PBXContainerItemProxy */ = {
			isa = PBXContainerItemProxy;
			containerPortal = 22CA7F9F1806EC230053E935 /* Project object */;
			proxyType = 1;
			remoteGlobalIDString = 22CA7FA61806EC230053E935;
			remoteInfo = CollectionViewTransitions;
		};
/* End PBXContainerItemProxy section */

/* Begin PBXFileReference section */
		22CA7FA71806EC230053E935 /* CollectionViewTransitions.app */ = {isa = PBXFileReference; explicitFileType = wrapper.application; includeInIndex = 0; path = CollectionViewTransitions.app; sourceTree = BUILT_PRODUCTS_DIR; };
		22CA7FAA1806EC230053E935 /* Foundation.framework */ = {isa = PBXFileReference; lastKnownFileType = wrapper.framework; name = Foundation.framework; path = System/Library/Frameworks/Foundation.framework; sourceTree = SDKROOT; };
		22CA7FAC1806EC230053E935 /* CoreGraphics.framework */ = {isa = PBXFileReference; lastKnownFileType = wrapper.framework; name = CoreGraphics.framework; path = System/Library/Frameworks/CoreGraphics.framework; sourceTree = SDKROOT; };
		22CA7FAE1806EC230053E935 /* UIKit.framework */ = {isa = PBXFileReference; lastKnownFileType = wrapper.framework; name = UIKit.framework; path = System/Library/Frameworks/UIKit.framework; sourceTree = SDKROOT; };
		22CA7FB21806EC230053E935 /* CollectionViewTransitions-Info.plist */ = {isa = PBXFileReference; lastKnownFileType = text.plist.xml; path = "CollectionViewTransitions-Info.plist"; sourceTree = "<group>"; };
		22CA7FB41806EC230053E935 /* en */ = {isa = PBXFileReference; lastKnownFileType = text.plist.strings; name = en; path = en.lproj/InfoPlist.strings; sourceTree = "<group>"; };
		22CA7FB61806EC230053E935 /* main.m */ = {isa = PBXFileReference; lastKnownFileType = sourcecode.c.objc; path = main.m; sourceTree = "<group>"; };
		22CA7FB81806EC230053E935 /* CollectionViewTransitions-Prefix.pch */ = {isa = PBXFileReference; lastKnownFileType = sourcecode.c.h; path = "CollectionViewTransitions-Prefix.pch"; sourceTree = "<group>"; };
		22CA7FB91806EC230053E935 /* AppDelegate.h */ = {isa = PBXFileReference; lastKnownFileType = sourcecode.c.h; path = AppDelegate.h; sourceTree = "<group>"; };
		22CA7FBA1806EC230053E935 /* AppDelegate.m */ = {isa = PBXFileReference; lastKnownFileType = sourcecode.c.objc; path = AppDelegate.m; sourceTree = "<group>"; };
		22CA7FBC1806EC230053E935 /* Images.xcassets */ = {isa = PBXFileReference; lastKnownFileType = folder.assetcatalog; path = Images.xcassets; sourceTree = "<group>"; };
		22CA7FC21806EC240053E935 /* CollectionViewTransitionsTests.xctest */ = {isa = PBXFileReference; explicitFileType = wrapper.cfbundle; includeInIndex = 0; path = CollectionViewTransitionsTests.xctest; sourceTree = BUILT_PRODUCTS_DIR; };
		22CA7FC31806EC240053E935 /* XCTest.framework */ = {isa = PBXFileReference; lastKnownFileType = wrapper.framework; name = XCTest.framework; path = Library/Frameworks/XCTest.framework; sourceTree = DEVELOPER_DIR; };
		22CA7FD91806EC570053E935 /* MainViewController.h */ = {isa = PBXFileReference; fileEncoding = 4; lastKnownFileType = sourcecode.c.h; path = MainViewController.h; sourceTree = "<group>"; };
		22CA7FDA1806EC570053E935 /* MainViewController.m */ = {isa = PBXFileReference; fileEncoding = 4; lastKnownFileType = sourcecode.c.objc; path = MainViewController.m; sourceTree = "<group>"; };
		22CA7FDB1806EC570053E935 /* MainViewController.xib */ = {isa = PBXFileReference; fileEncoding = 4; lastKnownFileType = file.xib; path = MainViewController.xib; sourceTree = "<group>"; };
/* End PBXFileReference section */

/* Begin PBXFrameworksBuildPhase section */
		22CA7FA41806EC230053E935 /* Frameworks */ = {
			isa = PBXFrameworksBuildPhase;
			buildActionMask = 2147483647;
			files = (
				22CA7FAD1806EC230053E935 /* CoreGraphics.framework in Frameworks */,
				22CA7FAF1806EC230053E935 /* UIKit.framework in Frameworks */,
				22CA7FAB1806EC230053E935 /* Foundation.framework in Frameworks */,
			);
			runOnlyForDeploymentPostprocessing = 0;
		};
		22CA7FBF1806EC240053E935 /* Frameworks */ = {
			isa = PBXFrameworksBuildPhase;
			buildActionMask = 2147483647;
			files = (
				22CA7FC41806EC240053E935 /* XCTest.framework in Frameworks */,
				22CA7FC61806EC240053E935 /* UIKit.framework in Frameworks */,
				22CA7FC51806EC240053E935 /* Foundation.framework in Frameworks */,
			);
			runOnlyForDeploymentPostprocessing = 0;
		};
/* End PBXFrameworksBuildPhase section */

/* Begin PBXGroup section */
		22CA7F9E1806EC230053E935 = {
			isa = PBXGroup;
			children = (
				22CA7FB01806EC230053E935 /* CollectionViewTransitions */,
				22CA7FA91806EC230053E935 /* Frameworks */,
				22CA7FA81806EC230053E935 /* Products */,
			);
			sourceTree = "<group>";
		};
		22CA7FA81806EC230053E935 /* Products */ = {
			isa = PBXGroup;
			children = (
				22CA7FA71806EC230053E935 /* CollectionViewTransitions.app */,
				22CA7FC21806EC240053E935 /* CollectionViewTransitionsTests.xctest */,
			);
			name = Products;
			sourceTree = "<group>";
		};
		22CA7FA91806EC230053E935 /* Frameworks */ = {
			isa = PBXGroup;
			children = (
				22CA7FAA1806EC230053E935 /* Foundation.framework */,
				22CA7FAC1806EC230053E935 /* CoreGraphics.framework */,
				22CA7FAE1806EC230053E935 /* UIKit.framework */,
				22CA7FC31806EC240053E935 /* XCTest.framework */,
			);
			name = Frameworks;
			sourceTree = "<group>";
		};
		22CA7FB01806EC230053E935 /* CollectionViewTransitions */ = {
			isa = PBXGroup;
			children = (
				22CA7FB91806EC230053E935 /* AppDelegate.h */,
				22CA7FBA1806EC230053E935 /* AppDelegate.m */,
				22CA7FD91806EC570053E935 /* MainViewController.h */,
				22CA7FDA1806EC570053E935 /* MainViewController.m */,
				22CA7FDB1806EC570053E935 /* MainViewController.xib */,
				22CA7FBC1806EC230053E935 /* Images.xcassets */,
				22CA7FB11806EC230053E935 /* Supporting Files */,
			);
			path = CollectionViewTransitions;
			sourceTree = "<group>";
		};
		22CA7FB11806EC230053E935 /* Supporting Files */ = {
			isa = PBXGroup;
			children = (
				22CA7FB21806EC230053E935 /* CollectionViewTransitions-Info.plist */,
				22CA7FB31806EC230053E935 /* InfoPlist.strings */,
				22CA7FB61806EC230053E935 /* main.m */,
				22CA7FB81806EC230053E935 /* CollectionViewTransitions-Prefix.pch */,
			);
			name = "Supporting Files";
			sourceTree = "<group>";
		};
/* End PBXGroup section */

/* Begin PBXNativeTarget section */
		22CA7FA61806EC230053E935 /* CollectionViewTransitions */ = {
			isa = PBXNativeTarget;
			buildConfigurationList = 22CA7FD31806EC240053E935 /* Build configuration list for PBXNativeTarget "CollectionViewTransitions" */;
			buildPhases = (
				22CA7FA31806EC230053E935 /* Sources */,
				22CA7FA41806EC230053E935 /* Frameworks */,
				22CA7FA51806EC230053E935 /* Resources */,
			);
			buildRules = (
			);
			dependencies = (
			);
			name = CollectionViewTransitions;
			productName = CollectionViewTransitions;
			productReference = 22CA7FA71806EC230053E935 /* CollectionViewTransitions.app */;
			productType = "com.apple.product-type.application";
		};
		22CA7FC11806EC240053E935 /* CollectionViewTransitionsTests */ = {
			isa = PBXNativeTarget;
			buildConfigurationList = 22CA7FD61806EC240053E935 /* Build configuration list for PBXNativeTarget "CollectionViewTransitionsTests" */;
			buildPhases = (
				22CA7FBE1806EC240053E935 /* Sources */,
				22CA7FBF1806EC240053E935 /* Frameworks */,
				22CA7FC01806EC240053E935 /* Resources */,
			);
			buildRules = (
			);
			dependencies = (
				22CA7FC81806EC240053E935 /* PBXTargetDependency */,
			);
			name = CollectionViewTransitionsTests;
			productName = CollectionViewTransitionsTests;
			productReference = 22CA7FC21806EC240053E935 /* CollectionViewTransitionsTests.xctest */;
			productType = "com.apple.product-type.bundle.unit-test";
		};
/* End PBXNativeTarget section */

/* Begin PBXProject section */
		22CA7F9F1806EC230053E935 /* Project object */ = {
			isa = PBXProject;
			attributes = {
				LastUpgradeCheck = 0500;
				ORGANIZATIONNAME = "Tim Searle";
				TargetAttributes = {
					22CA7FC11806EC240053E935 = {
						TestTargetID = 22CA7FA61806EC230053E935;
					};
				};
			};
			buildConfigurationList = 22CA7FA21806EC230053E935 /* Build configuration list for PBXProject "CollectionViewTransitions" */;
			compatibilityVersion = "Xcode 3.2";
			developmentRegion = English;
			hasScannedForEncodings = 0;
			knownRegions = (
				en,
			);
			mainGroup = 22CA7F9E1806EC230053E935;
			productRefGroup = 22CA7FA81806EC230053E935 /* Products */;
			projectDirPath = "";
			projectRoot = "";
			targets = (
				22CA7FA61806EC230053E935 /* CollectionViewTransitions */,
				22CA7FC11806EC240053E935 /* CollectionViewTransitionsTests */,
			);
		};
/* End PBXProject section */

/* Begin PBXResourcesBuildPhase section */
		22CA7FA51806EC230053E935 /* Resources */ = {
			isa = PBXResourcesBuildPhase;
			buildActionMask = 2147483647;
			files = (
				22CA7FB51806EC230053E935 /* InfoPlist.strings in Resources */,
				22CA7FDD1806EC570053E935 /* MainViewController.xib in Resources */,
				22CA7FBD1806EC230053E935 /* Images.xcassets in Resources */,
			);
			runOnlyForDeploymentPostprocessing = 0;
		};
		22CA7FC01806EC240053E935 /* Resources */ = {
			isa = PBXResourcesBuildPhase;
			buildActionMask = 2147483647;
			files = (
			);
			runOnlyForDeploymentPostprocessing = 0;
		};
/* End PBXResourcesBuildPhase section */

/* Begin PBXSourcesBuildPhase section */
		22CA7FA31806EC230053E935 /* Sources */ = {
			isa = PBXSourcesBuildPhase;
			buildActionMask = 2147483647;
			files = (
				22CA7FBB1806EC230053E935 /* AppDelegate.m in Sources */,
				22CA7FDC1806EC570053E935 /* MainViewController.m in Sources */,
				22CA7FB71806EC230053E935 /* main.m in Sources */,
			);
			runOnlyForDeploymentPostprocessing = 0;
		};
		22CA7FBE1806EC240053E935 /* Sources */ = {
			isa = PBXSourcesBuildPhase;
			buildActionMask = 2147483647;
			files = (
			);
			runOnlyForDeploymentPostprocessing = 0;
		};
/* End PBXSourcesBuildPhase section */

/* Begin PBXTargetDependency section */
		22CA7FC81806EC240053E935 /* PBXTargetDependency */ = {
			isa = PBXTargetDependency;
			target = 22CA7FA61806EC230053E935 /* CollectionViewTransitions */;
			targetProxy = 22CA7FC71806EC240053E935 /* PBXContainerItemProxy */;
		};
/* End PBXTargetDependency section */

/* Begin PBXVariantGroup section */
		22CA7FB31806EC230053E935 /* InfoPlist.strings */ = {
			isa = PBXVariantGroup;
			children = (
				22CA7FB41806EC230053E935 /* en */,
			);
			name = InfoPlist.strings;
			sourceTree = "<group>";
		};
/* End PBXVariantGroup section */

/* Begin XCBuildConfiguration section */
		22CA7FD11806EC240053E935 /* Debug */ = {
			isa = XCBuildConfiguration;
			buildSettings = {
				ALWAYS_SEARCH_USER_PATHS = NO;
				ARCHS = "$(ARCHS_STANDARD_INCLUDING_64_BIT)";
				CLANG_CXX_LANGUAGE_STANDARD = "gnu++0x";
				CLANG_CXX_LIBRARY = "libc++";
				CLANG_ENABLE_MODULES = YES;
				CLANG_ENABLE_OBJC_ARC = YES;
				CLANG_WARN_BOOL_CONVERSION = YES;
				CLANG_WARN_CONSTANT_CONVERSION = YES;
				CLANG_WARN_DIRECT_OBJC_ISA_USAGE = YES_ERROR;
				CLANG_WARN_EMPTY_BODY = YES;
				CLANG_WARN_ENUM_CONVERSION = YES;
				CLANG_WARN_INT_CONVERSION = YES;
				CLANG_WARN_OBJC_ROOT_CLASS = YES_ERROR;
				CLANG_WARN__DUPLICATE_METHOD_MATCH = YES;
				"CODE_SIGN_IDENTITY[sdk=iphoneos*]" = "iPhone Developer";
				COPY_PHASE_STRIP = NO;
				GCC_C_LANGUAGE_STANDARD = gnu99;
				GCC_DYNAMIC_NO_PIC = NO;
				GCC_OPTIMIZATION_LEVEL = 0;
				GCC_PREPROCESSOR_DEFINITIONS = (
					"DEBUG=1",
					"$(inherited)",
				);
				GCC_SYMBOLS_PRIVATE_EXTERN = NO;
				GCC_WARN_64_TO_32_BIT_CONVERSION = YES;
				GCC_WARN_ABOUT_RETURN_TYPE = YES_ERROR;
				GCC_WARN_UNDECLARED_SELECTOR = YES;
				GCC_WARN_UNINITIALIZED_AUTOS = YES;
				GCC_WARN_UNUSED_FUNCTION = YES;
				GCC_WARN_UNUSED_VARIABLE = YES;
				IPHONEOS_DEPLOYMENT_TARGET = 7.0;
				ONLY_ACTIVE_ARCH = YES;
				SDKROOT = iphoneos;
			};
			name = Debug;
		};
		22CA7FD21806EC240053E935 /* Release */ = {
			isa = XCBuildConfiguration;
			buildSettings = {
				ALWAYS_SEARCH_USER_PATHS = NO;
				ARCHS = "$(ARCHS_STANDARD_INCLUDING_64_BIT)";
				CLANG_CXX_LANGUAGE_STANDARD = "gnu++0x";
				CLANG_CXX_LIBRARY = "libc++";
				CLANG_ENABLE_MODULES = YES;
				CLANG_ENABLE_OBJC_ARC = YES;
				CLANG_WARN_BOOL_CONVERSION = YES;
				CLANG_WARN_CONSTANT_CONVERSION = YES;
				CLANG_WARN_DIRECT_OBJC_ISA_USAGE = YES_ERROR;
				CLANG_WARN_EMPTY_BODY = YES;
				CLANG_WARN_ENUM_CONVERSION = YES;
				CLANG_WARN_INT_CONVERSION = YES;
				CLANG_WARN_OBJC_ROOT_CLASS = YES_ERROR;
				CLANG_WARN__DUPLICATE_METHOD_MATCH = YES;
				"CODE_SIGN_IDENTITY[sdk=iphoneos*]" = "iPhone Developer";
				COPY_PHASE_STRIP = YES;
				ENABLE_NS_ASSERTIONS = NO;
				GCC_C_LANGUAGE_STANDARD = gnu99;
				GCC_WARN_64_TO_32_BIT_CONVERSION = YES;
				GCC_WARN_ABOUT_RETURN_TYPE = YES_ERROR;
				GCC_WARN_UNDECLARED_SELECTOR = YES;
				GCC_WARN_UNINITIALIZED_AUTOS = YES;
				GCC_WARN_UNUSED_FUNCTION = YES;
				GCC_WARN_UNUSED_VARIABLE = YES;
				IPHONEOS_DEPLOYMENT_TARGET = 7.0;
				SDKROOT = iphoneos;
				VALIDATE_PRODUCT = YES;
			};
			name = Release;
		};
		22CA7FD41806EC240053E935 /* Debug */ = {
			isa = XCBuildConfiguration;
			buildSettings = {
				ASSETCATALOG_COMPILER_APPICON_NAME = AppIcon;
				ASSETCATALOG_COMPILER_LAUNCHIMAGE_NAME = LaunchImage;
				GCC_PRECOMPILE_PREFIX_HEADER = YES;
				GCC_PREFIX_HEADER = "CollectionViewTransitions/CollectionViewTransitions-Prefix.pch";
				INFOPLIST_FILE = "CollectionViewTransitions/CollectionViewTransitions-Info.plist";
				PRODUCT_NAME = "$(TARGET_NAME)";
				WRAPPER_EXTENSION = app;
			};
			name = Debug;
		};
		22CA7FD51806EC240053E935 /* Release */ = {
			isa = XCBuildConfiguration;
			buildSettings = {
				ASSETCATALOG_COMPILER_APPICON_NAME = AppIcon;
				ASSETCATALOG_COMPILER_LAUNCHIMAGE_NAME = LaunchImage;
				GCC_PRECOMPILE_PREFIX_HEADER = YES;
				GCC_PREFIX_HEADER = "CollectionViewTransitions/CollectionViewTransitions-Prefix.pch";
				INFOPLIST_FILE = "CollectionViewTransitions/CollectionViewTransitions-Info.plist";
				PRODUCT_NAME = "$(TARGET_NAME)";
				WRAPPER_EXTENSION = app;
			};
			name = Release;
		};
		22CA7FD71806EC240053E935 /* Debug */ = {
			isa = XCBuildConfiguration;
			buildSettings = {
				ARCHS = "$(ARCHS_STANDARD_INCLUDING_64_BIT)";
				BUNDLE_LOADER = "$(BUILT_PRODUCTS_DIR)/CollectionViewTransitions.app/CollectionViewTransitions";
				FRAMEWORK_SEARCH_PATHS = (
					"$(SDKROOT)/Developer/Library/Frameworks",
					"$(inherited)",
					"$(DEVELOPER_FRAMEWORKS_DIR)",
				);
				GCC_PRECOMPILE_PREFIX_HEADER = YES;
				GCC_PREFIX_HEADER = "CollectionViewTransitions/CollectionViewTransitions-Prefix.pch";
				GCC_PREPROCESSOR_DEFINITIONS = (
					"DEBUG=1",
					"$(inherited)",
				);
				INFOPLIST_FILE = "CollectionViewTransitionsTests/CollectionViewTransitionsTests-Info.plist";
				PRODUCT_NAME = "$(TARGET_NAME)";
				TEST_HOST = "$(BUNDLE_LOADER)";
				WRAPPER_EXTENSION = xctest;
			};
			name = Debug;
		};
		22CA7FD81806EC240053E935 /* Release */ = {
			isa = XCBuildConfiguration;
			buildSettings = {
				ARCHS = "$(ARCHS_STANDARD_INCLUDING_64_BIT)";
				BUNDLE_LOADER = "$(BUILT_PRODUCTS_DIR)/CollectionViewTransitions.app/CollectionViewTransitions";
				FRAMEWORK_SEARCH_PATHS = (
					"$(SDKROOT)/Developer/Library/Frameworks",
					"$(inherited)",
					"$(DEVELOPER_FRAMEWORKS_DIR)",
				);
				GCC_PRECOMPILE_PREFIX_HEADER = YES;
				GCC_PREFIX_HEADER = "CollectionViewTransitions/CollectionViewTransitions-Prefix.pch";
				INFOPLIST_FILE = "CollectionViewTransitionsTests/CollectionViewTransitionsTests-Info.plist";
				PRODUCT_NAME = "$(TARGET_NAME)";
				TEST_HOST = "$(BUNDLE_LOADER)";
				WRAPPER_EXTENSION = xctest;
			};
			name = Release;
		};
/* End XCBuildConfiguration section */

/* Begin XCConfigurationList section */
		22CA7FA21806EC230053E935 /* Build configuration list for PBXProject "CollectionViewTransitions" */ = {
			isa = XCConfigurationList;
			buildConfigurations = (
				22CA7FD11806EC240053E935 /* Debug */,
				22CA7FD21806EC240053E935 /* Release */,
			);
			defaultConfigurationIsVisible = 0;
			defaultConfigurationName = Release;
		};
		22CA7FD31806EC240053E935 /* Build configuration list for PBXNativeTarget "CollectionViewTransitions" */ = {
			isa = XCConfigurationList;
			buildConfigurations = (
				22CA7FD41806EC240053E935 /* Debug */,
				22CA7FD51806EC240053E935 /* Release */,
			);
			defaultConfigurationIsVisible = 0;
			defaultConfigurationName = Release;
		};
		22CA7FD61806EC240053E935 /* Build configuration list for PBXNativeTarget "CollectionViewTransitionsTests" */ = {
			isa = XCConfigurationList;
			buildConfigurations = (
				22CA7FD71806EC240053E935 /* Debug */,
				22CA7FD81806EC240053E935 /* Release */,
			);
			defaultConfigurationIsVisible = 0;
			defaultConfigurationName = Release;
		};
/* End XCConfigurationList section */
	};
	rootObject = 22CA7F9F1806EC230053E935 /* Project object */;
}
